
Microsoft Visual Studio Solution File, Format Version 12.00
# Visual Studio 15
VisualStudioVersion = 15.0.28307.329
MinimumVisualStudioVersion = 10.0.40219.1
Project("{FAE04EC0-301F-11D3-BF4B-00C04F79EFBC}") = "csa_week_3_webshop", "csa_week_3_webshop\csa_week_3_webshop.csproj", "{73ECED27-5C98-40E7-B87E-2B582D645362}"
EndProject
Global
	GlobalSection(SolutionConfigurationPlatforms) = preSolution
		Debug|Any CPU = Debug|Any CPU
		Release|Any CPU = Release|Any CPU
	EndGlobalSection
	GlobalSection(ProjectConfigurationPlatforms) = postSolution
		{73ECED27-5C98-40E7-B87E-2B582D645362}.Debug|Any CPU.ActiveCfg = Debug|Any CPU
		{73ECED27-5C98-40E7-B87E-2B582D645362}.Debug|Any CPU.Build.0 = Debug|Any CPU
		{73ECED27-5C98-40E7-B87E-2B582D645362}.Release|Any CPU.ActiveCfg = Release|Any CPU
		{73ECED27-5C98-40E7-B87E-2B582D645362}.Release|Any CPU.Build.0 = Release|Any CPU
	EndGlobalSection
	GlobalSection(SolutionProperties) = preSolution
		HideSolutionNode = FALSE
	EndGlobalSection
	GlobalSection(ExtensibilityGlobals) = postSolution
		SolutionGuid = {F55EDF21-1A7E-421D-A57A-43995476805E}
	EndGlobalSection
EndGlobal
